
Microsoft Visual Studio Solution File, Format Version 12.00
# Visual Studio Version 17
VisualStudioVersion = 17.10.35013.160
MinimumVisualStudioVersion = 10.0.40219.1
Project("{FAE04EC0-301F-11D3-BF4B-00C04F79EFBC}") = "TodoApp", "TodoApp\TodoApp.csproj", "{F68DA6FE-F38B-4E45-B731-923C874815A0}"
EndProject
Global
	GlobalSection(SolutionConfigurationPlatforms) = preSolution
		Debug|Any CPU = Debug|Any CPU
		Release|Any CPU = Release|Any CPU
	EndGlobalSection
	GlobalSection(ProjectConfigurationPlatforms) = postSolution
		{F68DA6FE-F38B-4E45-B731-923C874815A0}.Debug|Any CPU.ActiveCfg = Debug|Any CPU
		{F68DA6FE-F38B-4E45-B731-923C874815A0}.Debug|Any CPU.Build.0 = Debug|Any CPU
		{F68DA6FE-F38B-4E45-B731-923C874815A0}.Release|Any CPU.ActiveCfg = Release|Any CPU
		{F68DA6FE-F38B-4E45-B731-923C874815A0}.Release|Any CPU.Build.0 = Release|Any CPU
	EndGlobalSection
	GlobalSection(SolutionProperties) = preSolution
		HideSolutionNode = FALSE
	EndGlobalSection
	GlobalSection(ExtensibilityGlobals) = postSolution
		SolutionGuid = {B9B97BC6-FEC9-48E4-BC6F-B8D98AB6A056}
	EndGlobalSection
EndGlobal
